
Microsoft Visual Studio Solution File, Format Version 12.00
# Visual Studio Version 17
VisualStudioVersion = 17.13.35828.75
MinimumVisualStudioVersion = 10.0.40219.1
Project("{FAE04EC0-301F-11D3-BF4B-00C04F79EFBC}") = "ChineseGame", "ChineseGame\ChineseGame.csproj", "{6A8EEFE6-E78E-4190-A22A-915BD493D5BF}"
EndProject
Project("{FAE04EC0-301F-11D3-BF4B-00C04F79EFBC}") = "AsteroidePerConsola", "AsteroidePerConsola\AsteroidePerConsola.csproj", "{AA6A6A7A-E632-49D5-B25C-133454079CBB}"
EndProject
Global
	GlobalSection(SolutionConfigurationPlatforms) = preSolution
		Debug|Any CPU = Debug|Any CPU
		Release|Any CPU = Release|Any CPU
	EndGlobalSection
	GlobalSection(ProjectConfigurationPlatforms) = postSolution
		{6A8EEFE6-E78E-4190-A22A-915BD493D5BF}.Debug|Any CPU.ActiveCfg = Debug|Any CPU
		{6A8EEFE6-E78E-4190-A22A-915BD493D5BF}.Debug|Any CPU.Build.0 = Debug|Any CPU
		{6A8EEFE6-E78E-4190-A22A-915BD493D5BF}.Release|Any CPU.ActiveCfg = Release|Any CPU
		{6A8EEFE6-E78E-4190-A22A-915BD493D5BF}.Release|Any CPU.Build.0 = Release|Any CPU
		{AA6A6A7A-E632-49D5-B25C-133454079CBB}.Debug|Any CPU.ActiveCfg = Debug|Any CPU
		{AA6A6A7A-E632-49D5-B25C-133454079CBB}.Debug|Any CPU.Build.0 = Debug|Any CPU
		{AA6A6A7A-E632-49D5-B25C-133454079CBB}.Release|Any CPU.ActiveCfg = Release|Any CPU
		{AA6A6A7A-E632-49D5-B25C-133454079CBB}.Release|Any CPU.Build.0 = Release|Any CPU
	EndGlobalSection
	GlobalSection(SolutionProperties) = preSolution
		HideSolutionNode = FALSE
	EndGlobalSection
	GlobalSection(ExtensibilityGlobals) = postSolution
		SolutionGuid = {6708C8F4-5AC8-4BC3-A1F5-2D2DD0079966}
	EndGlobalSection
EndGlobal
